dependencies:
- name: memcached
  repository: https://charts.bitnami.com/bitnami
  version: 7.4.1
- name: redis
  repository: https://charts.bitnami.com/bitnami
  version: 17.11.3
digest: sha256:75fd906245b05630e4ab92999bcdf2eb9154adf48587f5947d2208770f70d4ec
generated: "2024-05-22T07:31:51.645232685Z"
