dependencies:
- name: memcached
  repository: https://charts.bitnami.com/bitnami
  version: 6.5.2
- name: redis
  repository: https://charts.bitnami.com/bitnami
  version: 19.5.0
digest: sha256:32f29f3b0a5cfe8b31c81397ff4e0ce0aa905b4275a30cf3bf7e523ec1af0903
generated: "2024-05-23T13:32:39.144319257Z"
